{
  "name": "demo-upgrade",
  "lockfileVersion": 3,
  "requires": true,
  "packages": {
    "": {
      "name": "demo-upgrade",
      "dependencies": {
        "ms": "2.1.3"
      }
    },
    "node_modules/ms": {
      "version": "2.1.3",
      "resolved": "https://registry.npmjs.org/ms/-/ms-2.1.3.tgz",
      "license": "MIT"
    },
    "ms": {
      "version": "2.1.3"
    }
  }
}
