{
  "version": "1.0",
  "secrets": {
    "release_token": {
      "hash": "f4fe98edb181a0bd3c5439e6a88f05996bc1255009ffa72e4d9fbd222b1f2c1c",
      "created_at": "2026-08-04T16:13:24.348416+00:00",
      "updated_at": "2026-08-04T16:13:24.348416+00:00",
      "last_rotated": null,
      "rotation_count": 0,
      "definition_hash": "6f4db71cc02058b1325862b02f836a9a414cdf99cdd117ffb627690072683ffb",
      "targets": {
        "github/github_secret/": "f4fe98edb181a0bd3c5439e6a88f05996bc1255009ffa72e4d9fbd222b1f2c1c"
      },
      "target_provenance": {
        "github/github_secret/": [
          {
            "updated_at": "2026-08-04T16:13:24.348622+00:00",
            "actor": {
              "client": "network_web",
              "secretzero_version": "0.14.17",
              "os_user": "zacharyloeber",
              "os_uid": 501,
              "os_euid": 501,
              "hostname": "Zacharys-MacBook-Pro.local",
              "host_fqdn": "Zacharys-MacBook-Pro.local",
              "platform": "macOS-26.5.2-arm64-arm-64bit-Mach-O",
              "git_user_name": "Zachary Loeber",
              "git_user_email": "zloeber@gmail.com",
              "git_commit_sha": "d00dc99",
              "provider": "github",
              "provider_name": "github",
              "user": "zloeber",
              "name": "Zachary Loeber",
              "scopes": [],
              "token_type": "PAT"
            }
          }
        ]
      }
    }
  },
  "secretfile": {
    "filename": "Secretfile.yml",
    "hash": "5da990bd5768e747bca21dbe4432209553de74a0bd9bb335504e5a47df2dc0d4",
    "synced_at": "2026-08-04T16:13:22.598087+00:00",
    "var_files": [],
    "variables_hash": null,
    "sync_identity": {
      "client": "network_web",
      "secretzero_version": "0.14.17",
      "os_user": "zacharyloeber",
      "os_uid": 501,
      "os_euid": 501,
      "hostname": "Zacharys-MacBook-Pro.local",
      "host_fqdn": "Zacharys-MacBook-Pro.local",
      "platform": "macOS-26.5.2-arm64-arm-64bit-Mach-O",
      "git_user_name": "Zachary Loeber",
      "git_user_email": "zloeber@gmail.com",
      "git_commit_sha": "d00dc99"
    },
    "manifest_spec_version": "1"
  },
  "metadata": {}
}