# This file is automatically @generated by Cargo.
# It is not intended for manual editing.
version = 4

[[package]]
name = "pinner"
version = "0.1.0"

[[package]]
name = "pinner-actions"
version = "0.1.0"

[[package]]
name = "pinner-core"
version = "0.1.0"

[[package]]
name = "pinner-docker"
version = "0.1.0"

[[package]]
name = "pinner-ecosystem"
version = "0.1.0"

[[package]]
name = "pinner-mise"
version = "0.1.0"

[[package]]
name = "pinner-node"
version = "0.1.0"

[[package]]
name = "pinner-python"
version = "0.1.0"

[[package]]
name = "pinner-toolchain"
version = "0.1.0"
