{
  "name": "demo",
  "lockfileVersion": 3,
  "requires": true,
  "packages": {
    "": {
      "name": "demo",
      "dependencies": {
        "left-pad": "^1.3.0",
        "ms": "latest"
      }
    },
    "node_modules/left-pad": {
      "version": "1.3.0",
      "resolved": "https://registry.npmjs.org/left-pad/-/left-pad-1.3.0.tgz",
      "license": "MIT"
    },
    "node_modules/ms": {
      "version": "2.1.3",
      "resolved": "https://registry.npmjs.org/ms/-/ms-2.1.3.tgz",
      "license": "MIT"
    },
    "left-pad": {
      "version": "1.3.0"
    },
    "ms": {
      "version": "2.1.3"
    }
  }
}
